
Microsoft Visual Studio Solution File, Format Version 12.00
# Visual Studio Version 17
VisualStudioVersion = 17.7.34031.279
MinimumVisualStudioVersion = 10.0.40219.1
Project("{9A19103F-16F7-4668-BE54-9A1E7A4F7556}") = "1. Car", "1. Car\1. Car.csproj", "{D747889B-F7D4-4E51-9045-A4D58939F508}"
EndProject
Project("{9A19103F-16F7-4668-BE54-9A1E7A4F7556}") = "2. Car Extension", "2. Car Extension\2. Car Extension.csproj", "{9A9DE902-4640-4BD0-8307-BE4D4E2E9D06}"
EndProject
Project("{9A19103F-16F7-4668-BE54-9A1E7A4F7556}") = "3. Car Constructors", "3. Car Constructors\3. Car Constructors.csproj", "{C3E06048-CA9E-47BA-BDC1-4B60D103845B}"
EndProject
Project("{FAE04EC0-301F-11D3-BF4B-00C04F79EFBC}") = "4. Car Engine and Tires", "4. Car Engine and Tires\4. Car Engine and Tires.csproj", "{60F465CF-FE4C-40CC-B54F-D949F9F97270}"
EndProject
Project("{FAE04EC0-301F-11D3-BF4B-00C04F79EFBC}") = "5. Special Cars", "5. Special Cars\5. Special Cars.csproj", "{99D2B18C-CCD0-49CB-9204-6E160D7803E9}"
EndProject
Global
	GlobalSection(SolutionConfigurationPlatforms) = preSolution
		Debug|Any CPU = Debug|Any CPU
		Release|Any CPU = Release|Any CPU
	EndGlobalSection
	GlobalSection(ProjectConfigurationPlatforms) = postSolution
		{D747889B-F7D4-4E51-9045-A4D58939F508}.Debug|Any CPU.ActiveCfg = Debug|Any CPU
		{D747889B-F7D4-4E51-9045-A4D58939F508}.Debug|Any CPU.Build.0 = Debug|Any CPU
		{D747889B-F7D4-4E51-9045-A4D58939F508}.Release|Any CPU.ActiveCfg = Release|Any CPU
		{D747889B-F7D4-4E51-9045-A4D58939F508}.Release|Any CPU.Build.0 = Release|Any CPU
		{9A9DE902-4640-4BD0-8307-BE4D4E2E9D06}.Debug|Any CPU.ActiveCfg = Debug|Any CPU
		{9A9DE902-4640-4BD0-8307-BE4D4E2E9D06}.Debug|Any CPU.Build.0 = Debug|Any CPU
		{9A9DE902-4640-4BD0-8307-BE4D4E2E9D06}.Release|Any CPU.ActiveCfg = Release|Any CPU
		{9A9DE902-4640-4BD0-8307-BE4D4E2E9D06}.Release|Any CPU.Build.0 = Release|Any CPU
		{C3E06048-CA9E-47BA-BDC1-4B60D103845B}.Debug|Any CPU.ActiveCfg = Debug|Any CPU
		{C3E06048-CA9E-47BA-BDC1-4B60D103845B}.Debug|Any CPU.Build.0 = Debug|Any CPU
		{C3E06048-CA9E-47BA-BDC1-4B60D103845B}.Release|Any CPU.ActiveCfg = Release|Any CPU
		{C3E06048-CA9E-47BA-BDC1-4B60D103845B}.Release|Any CPU.Build.0 = Release|Any CPU
		{60F465CF-FE4C-40CC-B54F-D949F9F97270}.Debug|Any CPU.ActiveCfg = Debug|Any CPU
		{60F465CF-FE4C-40CC-B54F-D949F9F97270}.Debug|Any CPU.Build.0 = Debug|Any CPU
		{60F465CF-FE4C-40CC-B54F-D949F9F97270}.Release|Any CPU.ActiveCfg = Release|Any CPU
		{60F465CF-FE4C-40CC-B54F-D949F9F97270}.Release|Any CPU.Build.0 = Release|Any CPU
		{99D2B18C-CCD0-49CB-9204-6E160D7803E9}.Debug|Any CPU.ActiveCfg = Debug|Any CPU
		{99D2B18C-CCD0-49CB-9204-6E160D7803E9}.Debug|Any CPU.Build.0 = Debug|Any CPU
		{99D2B18C-CCD0-49CB-9204-6E160D7803E9}.Release|Any CPU.ActiveCfg = Release|Any CPU
		{99D2B18C-CCD0-49CB-9204-6E160D7803E9}.Release|Any CPU.Build.0 = Release|Any CPU
	EndGlobalSection
	GlobalSection(SolutionProperties) = preSolution
		HideSolutionNode = FALSE
	EndGlobalSection
	GlobalSection(ExtensibilityGlobals) = postSolution
		SolutionGuid = {F1779865-56B5-47E2-9459-23D3C0C373EC}
	EndGlobalSection
EndGlobal
